
Microsoft Visual Studio Solution File, Format Version 12.00
# Visual Studio 15
VisualStudioVersion = 15.0.27703.2047
MinimumVisualStudioVersion = 10.0.40219.1
Project("{FAE04EC0-301F-11D3-BF4B-00C04F79EFBC}") = "TestNinja", "TestNinja\TestNinja.csproj", "{7328740E-4B78-464F-8352-65D887F2145F}"
EndProject
Project("{9A19103F-16F7-4668-BE54-9A1E7A4F7556}") = "TestNinjaCore", "TestNinjaCore\TestNinjaCore.csproj", "{4082FFD3-1BB9-488E-95A2-81CC20A58A61}"
EndProject
Project("{FAE04EC0-301F-11D3-BF4B-00C04F79EFBC}") = "TestNinja.NUnit.UnitTests", "TestNinja.NUnit.UnitTests\TestNinja.NUnit.UnitTests.csproj", "{8D2DBE77-76CB-4294-A62B-9932156B9B67}"
EndProject
Global
	GlobalSection(SolutionConfigurationPlatforms) = preSolution
		Debug|Any CPU = Debug|Any CPU
		Release|Any CPU = Release|Any CPU
	EndGlobalSection
	GlobalSection(ProjectConfigurationPlatforms) = postSolution
		{7328740E-4B78-464F-8352-65D887F2145F}.Debug|Any CPU.ActiveCfg = Debug|Any CPU
		{7328740E-4B78-464F-8352-65D887F2145F}.Debug|Any CPU.Build.0 = Debug|Any CPU
		{7328740E-4B78-464F-8352-65D887F2145F}.Release|Any CPU.ActiveCfg = Release|Any CPU
		{7328740E-4B78-464F-8352-65D887F2145F}.Release|Any CPU.Build.0 = Release|Any CPU
		{4082FFD3-1BB9-488E-95A2-81CC20A58A61}.Debug|Any CPU.ActiveCfg = Debug|Any CPU
		{4082FFD3-1BB9-488E-95A2-81CC20A58A61}.Debug|Any CPU.Build.0 = Debug|Any CPU
		{4082FFD3-1BB9-488E-95A2-81CC20A58A61}.Release|Any CPU.ActiveCfg = Release|Any CPU
		{4082FFD3-1BB9-488E-95A2-81CC20A58A61}.Release|Any CPU.Build.0 = Release|Any CPU
		{8D2DBE77-76CB-4294-A62B-9932156B9B67}.Debug|Any CPU.ActiveCfg = Debug|Any CPU
		{8D2DBE77-76CB-4294-A62B-9932156B9B67}.Debug|Any CPU.Build.0 = Debug|Any CPU
		{8D2DBE77-76CB-4294-A62B-9932156B9B67}.Release|Any CPU.ActiveCfg = Release|Any CPU
		{8D2DBE77-76CB-4294-A62B-9932156B9B67}.Release|Any CPU.Build.0 = Release|Any CPU
	EndGlobalSection
	GlobalSection(SolutionProperties) = preSolution
		HideSolutionNode = FALSE
	EndGlobalSection
	GlobalSection(ExtensibilityGlobals) = postSolution
		SolutionGuid = {F3E7A7A3-12D1-4E27-AF11-814DC4314158}
	EndGlobalSection
EndGlobal
